
Microsoft Visual Studio Solution File, Format Version 12.00
# Visual Studio 15
VisualStudioVersion = 15.0.28307.438
MinimumVisualStudioVersion = 10.0.40219.1
Project("{FAE04EC0-301F-11D3-BF4B-00C04F79EFBC}") = "CourseManagment.BLLTests", "CourseManagment.BLLTests\CourseManagment.BLLTests.csproj", "{A6EC8D34-D952-4500-8E9A-ECBD89D5697D}"
EndProject
Global
	GlobalSection(SolutionConfigurationPlatforms) = preSolution
		Debug|Any CPU = Debug|Any CPU
		Release|Any CPU = Release|Any CPU
	EndGlobalSection
	GlobalSection(ProjectConfigurationPlatforms) = postSolution
		{A6EC8D34-D952-4500-8E9A-ECBD89D5697D}.Debug|Any CPU.ActiveCfg = Debug|Any CPU
		{A6EC8D34-D952-4500-8E9A-ECBD89D5697D}.Debug|Any CPU.Build.0 = Debug|Any CPU
		{A6EC8D34-D952-4500-8E9A-ECBD89D5697D}.Release|Any CPU.ActiveCfg = Release|Any CPU
		{A6EC8D34-D952-4500-8E9A-ECBD89D5697D}.Release|Any CPU.Build.0 = Release|Any CPU
	EndGlobalSection
	GlobalSection(SolutionProperties) = preSolution
		HideSolutionNode = FALSE
	EndGlobalSection
	GlobalSection(ExtensibilityGlobals) = postSolution
		SolutionGuid = {BB25E134-FC53-4003-B64A-CDA19B59FA15}
	EndGlobalSection
EndGlobal
